
Microsoft Visual Studio Solution File, Format Version 12.00
# Visual Studio Version 16
VisualStudioVersion = 16.0.31025.194
MinimumVisualStudioVersion = 10.0.40219.1
Project("{FAE04EC0-301F-11D3-BF4B-00C04F79EFBC}") = "WinChartApp", "WinChartApp\WinChartApp.csproj", "{804A9ED1-05E7-43FA-912E-20CAB350A2A3}"
EndProject
Project("{FAE04EC0-301F-11D3-BF4B-00C04F79EFBC}") = "ImageViewerApp", "ImageViewerApp\ImageViewerApp.csproj", "{0CF7B933-9EA1-4D1E-B844-F4C01E0E714B}"
EndProject
Project("{FAE04EC0-301F-11D3-BF4B-00C04F79EFBC}") = "AddressInfoApp", "AddressInfoApp\AddressInfoApp.csproj", "{42EDC335-EB68-4349-A4B2-3A2E29D7A081}"
EndProject
Global
	GlobalSection(SolutionConfigurationPlatforms) = preSolution
		Debug|Any CPU = Debug|Any CPU
		Release|Any CPU = Release|Any CPU
	EndGlobalSection
	GlobalSection(ProjectConfigurationPlatforms) = postSolution
		{804A9ED1-05E7-43FA-912E-20CAB350A2A3}.Debug|Any CPU.ActiveCfg = Debug|Any CPU
		{804A9ED1-05E7-43FA-912E-20CAB350A2A3}.Debug|Any CPU.Build.0 = Debug|Any CPU
		{804A9ED1-05E7-43FA-912E-20CAB350A2A3}.Release|Any CPU.ActiveCfg = Release|Any CPU
		{804A9ED1-05E7-43FA-912E-20CAB350A2A3}.Release|Any CPU.Build.0 = Release|Any CPU
		{0CF7B933-9EA1-4D1E-B844-F4C01E0E714B}.Debug|Any CPU.ActiveCfg = Debug|Any CPU
		{0CF7B933-9EA1-4D1E-B844-F4C01E0E714B}.Debug|Any CPU.Build.0 = Debug|Any CPU
		{0CF7B933-9EA1-4D1E-B844-F4C01E0E714B}.Release|Any CPU.ActiveCfg = Release|Any CPU
		{0CF7B933-9EA1-4D1E-B844-F4C01E0E714B}.Release|Any CPU.Build.0 = Release|Any CPU
		{42EDC335-EB68-4349-A4B2-3A2E29D7A081}.Debug|Any CPU.ActiveCfg = Debug|Any CPU
		{42EDC335-EB68-4349-A4B2-3A2E29D7A081}.Debug|Any CPU.Build.0 = Debug|Any CPU
		{42EDC335-EB68-4349-A4B2-3A2E29D7A081}.Release|Any CPU.ActiveCfg = Release|Any CPU
		{42EDC335-EB68-4349-A4B2-3A2E29D7A081}.Release|Any CPU.Build.0 = Release|Any CPU
	EndGlobalSection
	GlobalSection(SolutionProperties) = preSolution
		HideSolutionNode = FALSE
	EndGlobalSection
	GlobalSection(ExtensibilityGlobals) = postSolution
		SolutionGuid = {12B6AE31-2A90-4B96-850D-A5BA57C412A1}
	EndGlobalSection
EndGlobal
