
Microsoft Visual Studio Solution File, Format Version 12.00
# Visual Studio Version 16
VisualStudioVersion = 16.0.31025.194
MinimumVisualStudioVersion = 10.0.40219.1
Project("{FAE04EC0-301F-11D3-BF4B-00C04F79EFBC}") = "ConfirmWinApp", "ConfirmWinApp\ConfirmWinApp.csproj", "{7AE6E81F-D020-41BD-8D20-383FA0B49F79}"
EndProject
Global
	GlobalSection(SolutionConfigurationPlatforms) = preSolution
		Debug|Any CPU = Debug|Any CPU
		Release|Any CPU = Release|Any CPU
	EndGlobalSection
	GlobalSection(ProjectConfigurationPlatforms) = postSolution
		{7AE6E81F-D020-41BD-8D20-383FA0B49F79}.Debug|Any CPU.ActiveCfg = Debug|Any CPU
		{7AE6E81F-D020-41BD-8D20-383FA0B49F79}.Debug|Any CPU.Build.0 = Debug|Any CPU
		{7AE6E81F-D020-41BD-8D20-383FA0B49F79}.Release|Any CPU.ActiveCfg = Release|Any CPU
		{7AE6E81F-D020-41BD-8D20-383FA0B49F79}.Release|Any CPU.Build.0 = Release|Any CPU
	EndGlobalSection
	GlobalSection(SolutionProperties) = preSolution
		HideSolutionNode = FALSE
	EndGlobalSection
	GlobalSection(ExtensibilityGlobals) = postSolution
		SolutionGuid = {44972517-E362-4158-B6E4-8106E24BD3C4}
	EndGlobalSection
EndGlobal
