
Microsoft Visual Studio Solution File, Format Version 12.00
# Visual Studio Version 16
VisualStudioVersion = 16.0.31025.194
MinimumVisualStudioVersion = 10.0.40219.1
Project("{FAE04EC0-301F-11D3-BF4B-00C04F79EFBC}") = "WpfCalculatorApp", "WpfCalculatorApp\WpfCalculatorApp.csproj", "{74AB6F35-60D1-440D-A7F1-448FE45D3233}"
EndProject
Project("{FAE04EC0-301F-11D3-BF4B-00C04F79EFBC}") = "AnalogClockApp", "AnalogClockApp\AnalogClockApp.csproj", "{F965BC79-F5CF-413B-A778-F12DE169694B}"
EndProject
Project("{FAE04EC0-301F-11D3-BF4B-00C04F79EFBC}") = "MonteCarloPiApp", "MonteCarloPiApp\MonteCarloPiApp.csproj", "{4C1AB465-CCCA-4BB1-93AE-A49FE95C3FBB}"
EndProject
Project("{FAE04EC0-301F-11D3-BF4B-00C04F79EFBC}") = "SnakeBiteGame", "SnakeBiteGame\SnakeBiteGame.csproj", "{2F660B88-6044-4358-B049-206291E34314}"
EndProject
Global
	GlobalSection(SolutionConfigurationPlatforms) = preSolution
		Debug|Any CPU = Debug|Any CPU
		Release|Any CPU = Release|Any CPU
	EndGlobalSection
	GlobalSection(ProjectConfigurationPlatforms) = postSolution
		{74AB6F35-60D1-440D-A7F1-448FE45D3233}.Debug|Any CPU.ActiveCfg = Debug|Any CPU
		{74AB6F35-60D1-440D-A7F1-448FE45D3233}.Debug|Any CPU.Build.0 = Debug|Any CPU
		{74AB6F35-60D1-440D-A7F1-448FE45D3233}.Release|Any CPU.ActiveCfg = Release|Any CPU
		{74AB6F35-60D1-440D-A7F1-448FE45D3233}.Release|Any CPU.Build.0 = Release|Any CPU
		{F965BC79-F5CF-413B-A778-F12DE169694B}.Debug|Any CPU.ActiveCfg = Debug|Any CPU
		{F965BC79-F5CF-413B-A778-F12DE169694B}.Debug|Any CPU.Build.0 = Debug|Any CPU
		{F965BC79-F5CF-413B-A778-F12DE169694B}.Release|Any CPU.ActiveCfg = Release|Any CPU
		{F965BC79-F5CF-413B-A778-F12DE169694B}.Release|Any CPU.Build.0 = Release|Any CPU
		{4C1AB465-CCCA-4BB1-93AE-A49FE95C3FBB}.Debug|Any CPU.ActiveCfg = Debug|Any CPU
		{4C1AB465-CCCA-4BB1-93AE-A49FE95C3FBB}.Debug|Any CPU.Build.0 = Debug|Any CPU
		{4C1AB465-CCCA-4BB1-93AE-A49FE95C3FBB}.Release|Any CPU.ActiveCfg = Release|Any CPU
		{4C1AB465-CCCA-4BB1-93AE-A49FE95C3FBB}.Release|Any CPU.Build.0 = Release|Any CPU
		{2F660B88-6044-4358-B049-206291E34314}.Debug|Any CPU.ActiveCfg = Debug|Any CPU
		{2F660B88-6044-4358-B049-206291E34314}.Debug|Any CPU.Build.0 = Debug|Any CPU
		{2F660B88-6044-4358-B049-206291E34314}.Release|Any CPU.ActiveCfg = Release|Any CPU
		{2F660B88-6044-4358-B049-206291E34314}.Release|Any CPU.Build.0 = Release|Any CPU
	EndGlobalSection
	GlobalSection(SolutionProperties) = preSolution
		HideSolutionNode = FALSE
	EndGlobalSection
	GlobalSection(ExtensibilityGlobals) = postSolution
		SolutionGuid = {5F34F986-E484-4E92-9F15-807A99D11CB3}
	EndGlobalSection
EndGlobal
